Microsoft Visual Studio Solution File, Format Version 11.00
# Visual Studio 2008

Project("{E802EB6A-E550-DAEB-825C-CF0934DD791E}") = "Myo_Powers", "Assembly-CSharp-vs.csproj", "{6FD53617-13AB-B7DA-1119-3488DE888301}"
EndProject
Project("{E802EB6A-E550-DAEB-825C-CF0934DD791E}") = "Myo_Powers", "Assembly-CSharp-Editor-vs.csproj", "{6B7B879E-7292-7E6B-B702-0859BFA30E35}"
EndProject
Global
	GlobalSection(SolutionConfigurationPlatforms) = preSolution
		Debug|Any CPU = Debug|Any CPU
		Release|Any CPU = Release|Any CPU
	EndGlobalSection
	GlobalSection(ProjectConfigurationPlatforms) = postSolution
		{6FD53617-13AB-B7DA-1119-3488DE888301}.Debug|Any CPU.ActiveCfg = Debug|Any CPU
		{6FD53617-13AB-B7DA-1119-3488DE888301}.Debug|Any CPU.Build.0 = Debug|Any CPU
		{6FD53617-13AB-B7DA-1119-3488DE888301}.Release|Any CPU.ActiveCfg = Release|Any CPU
		{6FD53617-13AB-B7DA-1119-3488DE888301}.Release|Any CPU.Build.0 = Release|Any CPU
		{6B7B879E-7292-7E6B-B702-0859BFA30E35}.Debug|Any CPU.ActiveCfg = Debug|Any CPU
		{6B7B879E-7292-7E6B-B702-0859BFA30E35}.Debug|Any CPU.Build.0 = Debug|Any CPU
		{6B7B879E-7292-7E6B-B702-0859BFA30E35}.Release|Any CPU.ActiveCfg = Release|Any CPU
		{6B7B879E-7292-7E6B-B702-0859BFA30E35}.Release|Any CPU.Build.0 = Release|Any CPU
	EndGlobalSection
	GlobalSection(SolutionProperties) = preSolution
		HideSolutionNode = FALSE
	EndGlobalSection
																																																																																																																																																																								GlobalSection(MonoDevelopProperties) = preSolution
		StartupItem = Assembly-CSharp.csproj
		Policies = $0
		$0.TextStylePolicy = $1
		$1.inheritsSet = null
		$1.scope = text/x-csharp
		$0.CSharpFormattingPolicy = $2
		$2.inheritsSet = Mono
		$2.inheritsScope = text/x-csharp
		$2.scope = text/x-csharp
		$0.TextStylePolicy = $3
		$3.FileWidth = 120
		$3.TabWidth = 4
		$3.IndentWidth = 4
		$3.EolMarker = Unix
		$3.inheritsSet = Mono
		$3.inheritsScope = text/plain
		$3.scope = text/plain
	EndGlobalSection

EndGlobal
